// !$*UTF8*$!
{
	archiveVersion = 1;
	classes = {
	};
	objectVersion = 56;
	objects = {

/* Begin PBXBuildFile section */
		E02853FE2A7930B300189311 /* LittleLemonApp.swift in Sources */ = {isa = PBXBuildFile; fileRef = E02853FD2A7930B300189311 /* LittleLemonApp.swift */; };
		E02854002A7930B300189311 /* MainView.swift in Sources */ = {isa = PBXBuildFile; fileRef = E02853FF2A7930B300189311 /* MainView.swift */; };
		E02854022A7930B600189311 /* Assets.xcassets in Resources */ = {isa = PBXBuildFile; fileRef = E02854012A7930B600189311 /* Assets.xcassets */; };
		E02854052A7930B600189311 /* Preview Assets.xcassets in Resources */ = {isa = PBXBuildFile; fileRef = E02854042A7930B600189311 /* Preview Assets.xcassets */; };
		E028540F2A7AC99800189311 /* Model.xcdatamodeld in Sources */ = {isa = PBXBuildFile; fileRef = E028540D2A7AC99800189311 /* Model.xcdatamodeld */; };
		E02854112A7ACB1800189311 /* Persistance.swift in Sources */ = {isa = PBXBuildFile; fileRef = E02854102A7ACB1800189311 /* Persistance.swift */; };
		E02854132A7B749900189311 /* HomeView.swift in Sources */ = {isa = PBXBuildFile; fileRef = E02854122A7B749900189311 /* HomeView.swift */; };
		E02854152A7B74B300189311 /* OnBoardingView.swift in Sources */ = {isa = PBXBuildFile; fileRef = E02854142A7B74B300189311 /* OnBoardingView.swift */; };
		E02854182A7B768100189311 /* Colors.swift in Sources */ = {isa = PBXBuildFile; fileRef = E02854172A7B768100189311 /* Colors.swift */; };
		E028541A2A7B773F00189311 /* Fonts.swift in Sources */ = {isa = PBXBuildFile; fileRef = E02854192A7B773F00189311 /* Fonts.swift */; };
		E028541C2A7B7AB400189311 /* Styles.swift in Sources */ = {isa = PBXBuildFile; fileRef = E028541B2A7B7AB400189311 /* Styles.swift */; };
		E028541E2A7B7BB400189311 /* Validation.swift in Sources */ = {isa = PBXBuildFile; fileRef = E028541D2A7B7BB400189311 /* Validation.swift */; };
		E02854202A7B7CAB00189311 /* UserManager.swift in Sources */ = {isa = PBXBuildFile; fileRef = E028541F2A7B7CAB00189311 /* UserManager.swift */; };
/* End PBXBuildFile section */

/* Begin PBXFileReference section */
		E02853FA2A7930B300189311 /* LittleLemon.app */ = {isa = PBXFileReference; explicitFileType = wrapper.application; includeInIndex = 0; path = LittleLemon.app; sourceTree = BUILT_PRODUCTS_DIR; };
		E02853FD2A7930B300189311 /* LittleLemonApp.swift */ = {isa = PBXFileReference; lastKnownFileType = sourcecode.swift; path = LittleLemonApp.swift; sourceTree = "<group>"; };
		E02853FF2A7930B300189311 /* MainView.swift */ = {isa = PBXFileReference; lastKnownFileType = sourcecode.swift; path = MainView.swift; sourceTree = "<group>"; };
		E02854012A7930B600189311 /* Assets.xcassets */ = {isa = PBXFileReference; lastKnownFileType = folder.assetcatalog; path = Assets.xcassets; sourceTree = "<group>"; };
		E02854042A7930B600189311 /* Preview Assets.xcassets */ = {isa = PBXFileReference; lastKnownFileType = folder.assetcatalog; path = "Preview Assets.xcassets"; sourceTree = "<group>"; };
		E028540E2A7AC99800189311 /* Model.xcdatamodel */ = {isa = PBXFileReference; lastKnownFileType = wrapper.xcdatamodel; path = Model.xcdatamodel; sourceTree = "<group>"; };
		E02854102A7ACB1800189311 /* Persistance.swift */ = {isa = PBXFileReference; lastKnownFileType = sourcecode.swift; path = Persistance.swift; sourceTree = "<group>"; };
		E02854122A7B749900189311 /* HomeView.swift */ = {isa = PBXFileReference; lastKnownFileType = sourcecode.swift; path = HomeView.swift; sourceTree = "<group>"; };
		E02854142A7B74B300189311 /* OnBoardingView.swift */ = {isa = PBXFileReference; lastKnownFileType = sourcecode.swift; path = OnBoardingView.swift; sourceTree = "<group>"; };
		E02854172A7B768100189311 /* Colors.swift */ = {isa = PBXFileReference; lastKnownFileType = sourcecode.swift; path = Colors.swift; sourceTree = "<group>"; };
		E02854192A7B773F00189311 /* Fonts.swift */ = {isa = PBXFileReference; lastKnownFileType = sourcecode.swift; path = Fonts.swift; sourceTree = "<group>"; };
		E028541B2A7B7AB400189311 /* Styles.swift */ = {isa = PBXFileReference; lastKnownFileType = sourcecode.swift; path = Styles.swift; sourceTree = "<group>"; };
		E028541D2A7B7BB400189311 /* Validation.swift */ = {isa = PBXFileReference; lastKnownFileType = sourcecode.swift; path = Validation.swift; sourceTree = "<group>"; };
		E028541F2A7B7CAB00189311 /* UserManager.swift */ = {isa = PBXFileReference; lastKnownFileType = sourcecode.swift; path = UserManager.swift; sourceTree = "<group>"; };
/* End PBXFileReference section */

/* Begin PBXFrameworksBuildPhase section */
		E02853F72A7930B300189311 /* Frameworks */ = {
			isa = PBXFrameworksBuildPhase;
			buildActionMask = 2147483647;
			files = (
			);
			runOnlyForDeploymentPostprocessing = 0;
		};
/* End PBXFrameworksBuildPhase section */

/* Begin PBXGroup section */
		E02853F12A7930B300189311 = {
			isa = PBXGroup;
			children = (
				E02853FC2A7930B300189311 /* LittleLemon */,
				E02853FB2A7930B300189311 /* Products */,
			);
			sourceTree = "<group>";
		};
		E02853FB2A7930B300189311 /* Products */ = {
			isa = PBXGroup;
			children = (
				E02853FA2A7930B300189311 /* LittleLemon.app */,
			);
			name = Products;
			sourceTree = "<group>";
		};
		E02853FC2A7930B300189311 /* LittleLemon */ = {
			isa = PBXGroup;
			children = (
				E02854212A7B821700189311 /* model */,
				E02854162A7B764A00189311 /* theme */,
				E028540C2A7AC93F00189311 /* coredata */,
				E028540B2A7A9E9100189311 /* screens */,
				E02853FD2A7930B300189311 /* LittleLemonApp.swift */,
				E02854012A7930B600189311 /* Assets.xcassets */,
				E02854032A7930B600189311 /* Preview Content */,
			);
			path = LittleLemon;
			sourceTree = "<group>";
		};
		E02854032A7930B600189311 /* Preview Content */ = {
			isa = PBXGroup;
			children = (
				E02854042A7930B600189311 /* Preview Assets.xcassets */,
			);
			path = "Preview Content";
			sourceTree = "<group>";
		};
		E028540B2A7A9E9100189311 /* screens */ = {
			isa = PBXGroup;
			children = (
				E02853FF2A7930B300189311 /* MainView.swift */,
				E02854122A7B749900189311 /* HomeView.swift */,
				E02854142A7B74B300189311 /* OnBoardingView.swift */,
			);
			name = screens;
			sourceTree = "<group>";
		};
		E028540C2A7AC93F00189311 /* coredata */ = {
			isa = PBXGroup;
			children = (
				E028540D2A7AC99800189311 /* Model.xcdatamodeld */,
				E02854102A7ACB1800189311 /* Persistance.swift */,
			);
			name = coredata;
			sourceTree = "<group>";
		};
		E02854162A7B764A00189311 /* theme */ = {
			isa = PBXGroup;
			children = (
				E02854172A7B768100189311 /* Colors.swift */,
				E02854192A7B773F00189311 /* Fonts.swift */,
				E028541B2A7B7AB400189311 /* Styles.swift */,
			);
			path = theme;
			sourceTree = "<group>";
		};
		E02854212A7B821700189311 /* model */ = {
			isa = PBXGroup;
			children = (
				E028541F2A7B7CAB00189311 /* UserManager.swift */,
				E028541D2A7B7BB400189311 /* Validation.swift */,
			);
			name = model;
			sourceTree = "<group>";
		};
/* End PBXGroup section */

/* Begin PBXNativeTarget section */
		E02853F92A7930B300189311 /* LittleLemon */ = {
			isa = PBXNativeTarget;
			buildConfigurationList = E02854082A7930B600189311 /* Build configuration list for PBXNativeTarget "LittleLemon" */;
			buildPhases = (
				E02853F62A7930B300189311 /* Sources */,
				E02853F72A7930B300189311 /* Frameworks */,
				E02853F82A7930B300189311 /* Resources */,
			);
			buildRules = (
			);
			dependencies = (
			);
			name = LittleLemon;
			productName = LittleLemon;
			productReference = E02853FA2A7930B300189311 /* LittleLemon.app */;
			productType = "com.apple.product-type.application";
		};
/* End PBXNativeTarget section */

/* Begin PBXProject section */
		E02853F22A7930B300189311 /* Project object */ = {
			isa = PBXProject;
			attributes = {
				BuildIndependentTargetsInParallel = 1;
				LastSwiftUpdateCheck = 1430;
				LastUpgradeCheck = 1430;
				TargetAttributes = {
					E02853F92A7930B300189311 = {
						CreatedOnToolsVersion = 14.3.1;
					};
				};
			};
			buildConfigurationList = E02853F52A7930B300189311 /* Build configuration list for PBXProject "LittleLemon" */;
			compatibilityVersion = "Xcode 14.0";
			developmentRegion = en;
			hasScannedForEncodings = 0;
			knownRegions = (
				en,
				Base,
			);
			mainGroup = E02853F12A7930B300189311;
			productRefGroup = E02853FB2A7930B300189311 /* Products */;
			projectDirPath = "";
			projectRoot = "";
			targets = (
				E02853F92A7930B300189311 /* LittleLemon */,
			);
		};
/* End PBXProject section */

/* Begin PBXResourcesBuildPhase section */
		E02853F82A7930B300189311 /* Resources */ = {
			isa = PBXResourcesBuildPhase;
			buildActionMask = 2147483647;
			files = (
				E02854052A7930B600189311 /* Preview Assets.xcassets in Resources */,
				E02854022A7930B600189311 /* Assets.xcassets in Resources */,
			);
			runOnlyForDeploymentPostprocessing = 0;
		};
/* End PBXResourcesBuildPhase section */

/* Begin PBXSourcesBuildPhase section */
		E02853F62A7930B300189311 /* Sources */ = {
			isa = PBXSourcesBuildPhase;
			buildActionMask = 2147483647;
			files = (
				E028541C2A7B7AB400189311 /* Styles.swift in Sources */,
				E028541A2A7B773F00189311 /* Fonts.swift in Sources */,
				E02854002A7930B300189311 /* MainView.swift in Sources */,
				E02854112A7ACB1800189311 /* Persistance.swift in Sources */,
				E02854182A7B768100189311 /* Colors.swift in Sources */,
				E02853FE2A7930B300189311 /* LittleLemonApp.swift in Sources */,
				E02854152A7B74B300189311 /* OnBoardingView.swift in Sources */,
				E02854132A7B749900189311 /* HomeView.swift in Sources */,
				E028541E2A7B7BB400189311 /* Validation.swift in Sources */,
				E02854202A7B7CAB00189311 /* UserManager.swift in Sources */,
				E028540F2A7AC99800189311 /* Model.xcdatamodeld in Sources */,
			);
			runOnlyForDeploymentPostprocessing = 0;
		};
/* End PBXSourcesBuildPhase section */

/* Begin XCBuildConfiguration section */
		E02854062A7930B600189311 /* Debug */ = {
			isa = XCBuildConfiguration;
			buildSettings = {
				ALWAYS_SEARCH_USER_PATHS = NO;
				CLANG_ANALYZER_NONNULL = YES;
				CLANG_ANALYZER_NUMBER_OBJECT_CONVERSION = YES_AGGRESSIVE;
				CLANG_CXX_LANGUAGE_STANDARD = "gnu++20";
				CLANG_ENABLE_MODULES = YES;
				CLANG_ENABLE_OBJC_ARC = YES;
				CLANG_ENABLE_OBJC_WEAK = YES;
				CLANG_WARN_BLOCK_CAPTURE_AUTORELEASING = YES;
				CLANG_WARN_BOOL_CONVERSION = YES;
				CLANG_WARN_COMMA = YES;
				CLANG_WARN_CONSTANT_CONVERSION = YES;
				CLANG_WARN_DEPRECATED_OBJC_IMPLEMENTATIONS = YES;
				CLANG_WARN_DIRECT_OBJC_ISA_USAGE = YES_ERROR;
				CLANG_WARN_DOCUMENTATION_COMMENTS = YES;
				CLANG_WARN_EMPTY_BODY = YES;
				CLANG_WARN_ENUM_CONVERSION = YES;
				CLANG_WARN_INFINITE_RECURSION = YES;
				CLANG_WARN_INT_CONVERSION = YES;
				CLANG_WARN_NON_LITERAL_NULL_CONVERSION = YES;
				CLANG_WARN_OBJC_IMPLICIT_RETAIN_SELF = YES;
				CLANG_WARN_OBJC_LITERAL_CONVERSION = YES;
				CLANG_WARN_OBJC_ROOT_CLASS = YES_ERROR;
				CLANG_WARN_QUOTED_INCLUDE_IN_FRAMEWORK_HEADER = YES;
				CLANG_WARN_RANGE_LOOP_ANALYSIS = YES;
				CLANG_WARN_STRICT_PROTOTYPES = YES;
				CLANG_WARN_SUSPICIOUS_MOVE = YES;
				CLANG_WARN_UNGUARDED_AVAILABILITY = YES_AGGRESSIVE;
				CLANG_WARN_UNREACHABLE_CODE = YES;
				CLANG_WARN__DUPLICATE_METHOD_MATCH = YES;
				COPY_PHASE_STRIP = NO;
				DEBUG_INFORMATION_FORMAT = dwarf;
				ENABLE_STRICT_OBJC_MSGSEND = YES;
				ENABLE_TESTABILITY = YES;
				GCC_C_LANGUAGE_STANDARD = gnu11;
				GCC_DYNAMIC_NO_PIC = NO;
				GCC_NO_COMMON_BLOCKS = YES;
				GCC_OPTIMIZATION_LEVEL = 0;
				GCC_PREPROCESSOR_DEFINITIONS = (
					"DEBUG=1",
					"$(inherited)",
				);
				GCC_WARN_64_TO_32_BIT_CONVERSION = YES;
				GCC_WARN_ABOUT_RETURN_TYPE = YES_ERROR;
				GCC_WARN_UNDECLARED_SELECTOR = YES;
				GCC_WARN_UNINITIALIZED_AUTOS = YES_AGGRESSIVE;
				GCC_WARN_UNUSED_FUNCTION = YES;
				GCC_WARN_UNUSED_VARIABLE = YES;
				IPHONEOS_DEPLOYMENT_TARGET = 16.4;
				MTL_ENABLE_DEBUG_INFO = INCLUDE_SOURCE;
				MTL_FAST_MATH = YES;
				ONLY_ACTIVE_ARCH = YES;
				SDKROOT = iphoneos;
				SWIFT_ACTIVE_COMPILATION_CONDITIONS = DEBUG;
				SWIFT_OPTIMIZATION_LEVEL = "-Onone";
			};
			name = Debug;
		};
		E02854072A7930B600189311 /* Release */ = {
			isa = XCBuildConfiguration;
			buildSettings = {
				ALWAYS_SEARCH_USER_PATHS = NO;
				CLANG_ANALYZER_NONNULL = YES;
				CLANG_ANALYZER_NUMBER_OBJECT_CONVERSION = YES_AGGRESSIVE;
				CLANG_CXX_LANGUAGE_STANDARD = "gnu++20";
				CLANG_ENABLE_MODULES = YES;
				CLANG_ENABLE_OBJC_ARC = YES;
				CLANG_ENABLE_OBJC_WEAK = YES;
				CLANG_WARN_BLOCK_CAPTURE_AUTORELEASING = YES;
				CLANG_WARN_BOOL_CONVERSION = YES;
				CLANG_WARN_COMMA = YES;
				CLANG_WARN_CONSTANT_CONVERSION = YES;
				CLANG_WARN_DEPRECATED_OBJC_IMPLEMENTATIONS = YES;
				CLANG_WARN_DIRECT_OBJC_ISA_USAGE = YES_ERROR;
				CLANG_WARN_DOCUMENTATION_COMMENTS = YES;
				CLANG_WARN_EMPTY_BODY = YES;
				CLANG_WARN_ENUM_CONVERSION = YES;
				CLANG_WARN_INFINITE_RECURSION = YES;
				CLANG_WARN_INT_CONVERSION = YES;
				CLANG_WARN_NON_LITERAL_NULL_CONVERSION = YES;
				CLANG_WARN_OBJC_IMPLICIT_RETAIN_SELF = YES;
				CLANG_WARN_OBJC_LITERAL_CONVERSION = YES;
				CLANG_WARN_OBJC_ROOT_CLASS = YES_ERROR;
				CLANG_WARN_QUOTED_INCLUDE_IN_FRAMEWORK_HEADER = YES;
				CLANG_WARN_RANGE_LOOP_ANALYSIS = YES;
				CLANG_WARN_STRICT_PROTOTYPES = YES;
				CLANG_WARN_SUSPICIOUS_MOVE = YES;
				CLANG_WARN_UNGUARDED_AVAILABILITY = YES_AGGRESSIVE;
				CLANG_WARN_UNREACHABLE_CODE = YES;
				CLANG_WARN__DUPLICATE_METHOD_MATCH = YES;
				COPY_PHASE_STRIP = NO;
				DEBUG_INFORMATION_FORMAT = "dwarf-with-dsym";
				ENABLE_NS_ASSERTIONS = NO;
				ENABLE_STRICT_OBJC_MSGSEND = YES;
				GCC_C_LANGUAGE_STANDARD = gnu11;
				GCC_NO_COMMON_BLOCKS = YES;
				GCC_WARN_64_TO_32_BIT_CONVERSION = YES;
				GCC_WARN_ABOUT_RETURN_TYPE = YES_ERROR;
				GCC_WARN_UNDECLARED_SELECTOR = YES;
				GCC_WARN_UNINITIALIZED_AUTOS = YES_AGGRESSIVE;
				GCC_WARN_UNUSED_FUNCTION = YES;
				GCC_WARN_UNUSED_VARIABLE = YES;
				IPHONEOS_DEPLOYMENT_TARGET = 16.4;
				MTL_ENABLE_DEBUG_INFO = NO;
				MTL_FAST_MATH = YES;
				SDKROOT = iphoneos;
				SWIFT_COMPILATION_MODE = wholemodule;
				SWIFT_OPTIMIZATION_LEVEL = "-O";
				VALIDATE_PRODUCT = YES;
			};
			name = Release;
		};
		E02854092A7930B600189311 /* Debug */ = {
			isa = XCBuildConfiguration;
			buildSettings = {
				ASSETCATALOG_COMPILER_APPICON_NAME = AppIcon;
				ASSETCATALOG_COMPILER_GLOBAL_ACCENT_COLOR_NAME = AccentColor;
				CODE_SIGN_STYLE = Automatic;
				CURRENT_PROJECT_VERSION = 1;
				DEVELOPMENT_ASSET_PATHS = "\"LittleLemon/Preview Content\"";
				ENABLE_PREVIEWS = YES;
				GENERATE_INFOPLIST_FILE = YES;
				INFOPLIST_KEY_UIApplicationSceneManifest_Generation = YES;
				INFOPLIST_KEY_UIApplicationSupportsIndirectInputEvents = YES;
				INFOPLIST_KEY_UILaunchScreen_Generation = YES;
				INFOPLIST_KEY_UISupportedInterfaceOrientations_iPad = "UIInterfaceOrientationPortrait UIInterfaceOrientationPortraitUpsideDown UIInterfaceOrientationLandscapeLeft UIInterfaceOrientationLandscapeRight";
				INFOPLIST_KEY_UISupportedInterfaceOrientations_iPhone = "UIInterfaceOrientationPortrait UIInterfaceOrientationLandscapeLeft UIInterfaceOrientationLandscapeRight";
				LD_RUNPATH_SEARCH_PATHS = (
					"$(inherited)",
					"@executable_path/Frameworks",
				);
				MARKETING_VERSION = 1.0;
				PRODUCT_BUNDLE_IDENTIFIER = com.littlelemon.LittleLemon;
				PRODUCT_NAME = "$(TARGET_NAME)";
				SWIFT_EMIT_LOC_STRINGS = YES;
				SWIFT_VERSION = 5.0;
				TARGETED_DEVICE_FAMILY = "1,2";
			};
			name = Debug;
		};
		E028540A2A7930B600189311 /* Release */ = {
			isa = XCBuildConfiguration;
			buildSettings = {
				ASSETCATALOG_COMPILER_APPICON_NAME = AppIcon;
				ASSETCATALOG_COMPILER_GLOBAL_ACCENT_COLOR_NAME = AccentColor;
				CODE_SIGN_STYLE = Automatic;
				CURRENT_PROJECT_VERSION = 1;
				DEVELOPMENT_ASSET_PATHS = "\"LittleLemon/Preview Content\"";
				ENABLE_PREVIEWS = YES;
				GENERATE_INFOPLIST_FILE = YES;
				INFOPLIST_KEY_UIApplicationSceneManifest_Generation = YES;
				INFOPLIST_KEY_UIApplicationSupportsIndirectInputEvents = YES;
				INFOPLIST_KEY_UILaunchScreen_Generation = YES;
				INFOPLIST_KEY_UISupportedInterfaceOrientations_iPad = "UIInterfaceOrientationPortrait UIInterfaceOrientationPortraitUpsideDown UIInterfaceOrientationLandscapeLeft UIInterfaceOrientationLandscapeRight";
				INFOPLIST_KEY_UISupportedInterfaceOrientations_iPhone = "UIInterfaceOrientationPortrait UIInterfaceOrientationLandscapeLeft UIInterfaceOrientationLandscapeRight";
				LD_RUNPATH_SEARCH_PATHS = (
					"$(inherited)",
					"@executable_path/Frameworks",
				);
				MARKETING_VERSION = 1.0;
				PRODUCT_BUNDLE_IDENTIFIER = com.littlelemon.LittleLemon;
				PRODUCT_NAME = "$(TARGET_NAME)";
				SWIFT_EMIT_LOC_STRINGS = YES;
				SWIFT_VERSION = 5.0;
				TARGETED_DEVICE_FAMILY = "1,2";
			};
			name = Release;
		};
/* End XCBuildConfiguration section */

/* Begin XCConfigurationList section */
		E02853F52A7930B300189311 /* Build configuration list for PBXProject "LittleLemon" */ = {
			isa = XCConfigurationList;
			buildConfigurations = (
				E02854062A7930B600189311 /* Debug */,
				E02854072A7930B600189311 /* Release */,
			);
			defaultConfigurationIsVisible = 0;
			defaultConfigurationName = Release;
		};
		E02854082A7930B600189311 /* Build configuration list for PBXNativeTarget "LittleLemon" */ = {
			isa = XCConfigurationList;
			buildConfigurations = (
				E02854092A7930B600189311 /* Debug */,
				E028540A2A7930B600189311 /* Release */,
			);
			defaultConfigurationIsVisible = 0;
			defaultConfigurationName = Release;
		};
/* End XCConfigurationList section */

/* Begin XCVersionGroup section */
		E028540D2A7AC99800189311 /* Model.xcdatamodeld */ = {
			isa = XCVersionGroup;
			children = (
				E028540E2A7AC99800189311 /* Model.xcdatamodel */,
			);
			currentVersion = E028540E2A7AC99800189311 /* Model.xcdatamodel */;
			path = Model.xcdatamodeld;
			sourceTree = "<group>";
			versionGroupType = wrapper.xcdatamodel;
		};
/* End XCVersionGroup section */
	};
	rootObject = E02853F22A7930B300189311 /* Project object */;
}
